{
  "name": "moni-transformer",
  "version": "1.0.0",
  "lockfileVersion": 3,
  "requires": true,
  "packages": {
    "": {
      "name": "moni-transformer",
      "version": "1.0.0",
      "license": "ISC",
      "dependencies": {
        "@mni-ml/framework": "^0.3.1",
        "accel-gpu": "^1.0.3"
      },
      "devDependencies": {
        "playwright": "^1.60.0"
      }
    },
    "node_modules/@mni-ml/framework": {
      "version": "0.3.1",
      "resolved": "https://registry.npmjs.org/@mni-ml/framework/-/framework-0.3.1.tgz",
      "integrity": "sha512-gRSSbvK3leWCaGcFm7S1xCK10Q5EcAE0QK6I61T3EZdZkfU+Fuk3s5Cbkv8TU78cvapSJNSBPggRbOQyxx+P8g==",
      "license": "MIT",
      "engines": {
        "node": ">=20.0.0"
      },
      "optionalDependencies": {
        "@mni-ml/framework-darwin-arm64": "0.3.1",
        "@mni-ml/framework-darwin-arm64-webgpu": "0.3.1",
        "@mni-ml/framework-darwin-x64": "0.3.1",
        "@mni-ml/framework-darwin-x64-webgpu": "0.3.1",
        "@mni-ml/framework-linux-arm64-gnu": "0.3.1",
        "@mni-ml/framework-linux-x64-gnu": "0.3.1",
        "@mni-ml/framework-linux-x64-gnu-cuda": "0.3.1",
        "@mni-ml/framework-linux-x64-gnu-webgpu": "0.3.1",
        "@mni-ml/framework-win32-x64-msvc": "0.3.1",
        "@mni-ml/framework-win32-x64-msvc-cuda": "0.3.1",
        "@mni-ml/framework-win32-x64-msvc-webgpu": "0.3.1"
      }
    },
    "node_modules/@mni-ml/framework-darwin-arm64": {
      "version": "0.3.1",
      "resolved": "https://registry.npmjs.org/@mni-ml/framework-darwin-arm64/-/framework-darwin-arm64-0.3.1.tgz",
      "integrity": "sha512-FdTk97GQEXwpyK4kC28ERDTb28LsRe99z48dd3gkmAi3fHsacT3W+xasbDOOHqZXygvmUNdRcSFOnFUDQLKw0g==",
      "cpu": [
        "arm64"
      ],
      "license": "MIT",
      "optional": true,
      "os": [
        "darwin"
      ]
    },
    "node_modules/@mni-ml/framework-darwin-arm64-webgpu": {
      "version": "0.3.1",
      "resolved": "https://registry.npmjs.org/@mni-ml/framework-darwin-arm64-webgpu/-/framework-darwin-arm64-webgpu-0.3.1.tgz",
      "integrity": "sha512-U2CGQLb844uv0jfYzrJp1JPPeZoHU321DGIW2q+PLJbyBcHEM6zZdU8eztkHN+znu8m5HNnUXIMZvdNj8ze3nw==",
      "cpu": [
        "arm64"
      ],
      "license": "MIT",
      "optional": true,
      "os": [
        "darwin"
      ]
    },
    "node_modules/@mni-ml/framework-darwin-x64": {
      "version": "0.3.1",
      "resolved": "https://registry.npmjs.org/@mni-ml/framework-darwin-x64/-/framework-darwin-x64-0.3.1.tgz",
      "integrity": "sha512-ZVbuFJUbXtDZ+i3J1VkT8HtFB4bkOAClAuLHkGFl2zSC2DV1F62c+OFAYvvT6d3qpGbYW/XEDP3T+M6UNBpgGw==",
      "cpu": [
        "x64"
      ],
      "license": "MIT",
      "optional": true,
      "os": [
        "darwin"
      ]
    },
    "node_modules/@mni-ml/framework-darwin-x64-webgpu": {
      "version": "0.3.1",
      "resolved": "https://registry.npmjs.org/@mni-ml/framework-darwin-x64-webgpu/-/framework-darwin-x64-webgpu-0.3.1.tgz",
      "integrity": "sha512-pAqCzdohURJYouNd7C3bA5Or6XjC1Z68zAyXJOruNW3FdwInNXIRD8sp5O15WAodwZuEIxouaQwG4HSAs7iQuw==",
      "cpu": [
        "x64"
      ],
      "license": "MIT",
      "optional": true,
      "os": [
        "darwin"
      ]
    },
    "node_modules/@mni-ml/framework-linux-arm64-gnu": {
      "version": "0.3.1",
      "resolved": "https://registry.npmjs.org/@mni-ml/framework-linux-arm64-gnu/-/framework-linux-arm64-gnu-0.3.1.tgz",
      "integrity": "sha512-blhGI23BoOyek6wiNX4or4pcg893PtQPzN18ALnWnadfcEDaMKymT9Vy3+84rxB98+M1ClZhih6AjcoZp5ZdRw==",
      "cpu": [
        "arm64"
      ],
      "libc": [
        "glibc"
      ],
      "license": "MIT",
      "optional": true,
      "os": [
        "linux"
      ]
    },
    "node_modules/@mni-ml/framework-linux-x64-gnu": {
      "version": "0.3.1",
      "resolved": "https://registry.npmjs.org/@mni-ml/framework-linux-x64-gnu/-/framework-linux-x64-gnu-0.3.1.tgz",
      "integrity": "sha512-YySKWPauqMvLVJp4QjCAziBSaZK0gzGc8agwCI/wX60+VY6rI3WVmHChi/cIEfUsKccaawE/9W8D9pzehRVXHQ==",
      "cpu": [
        "x64"
      ],
      "libc": [
        "glibc"
      ],
      "license": "MIT",
      "optional": true,
      "os": [
        "linux"
      ]
    },
    "node_modules/@mni-ml/framework-linux-x64-gnu-cuda": {
      "version": "0.3.1",
      "resolved": "https://registry.npmjs.org/@mni-ml/framework-linux-x64-gnu-cuda/-/framework-linux-x64-gnu-cuda-0.3.1.tgz",
      "integrity": "sha512-yW1Nd5R7eqVPTeLEdXfJeg4e75guChSu2D/TckdW8Oje6oqnfhEf7JeGbRJ33jS75a+IaF83etAtBhPTrOA8AA==",
      "cpu": [
        "x64"
      ],
      "libc": [
        "glibc"
      ],
      "license": "MIT",
      "optional": true,
      "os": [
        "linux"
      ]
    },
    "node_modules/@mni-ml/framework-linux-x64-gnu-webgpu": {
      "version": "0.3.1",
      "resolved": "https://registry.npmjs.org/@mni-ml/framework-linux-x64-gnu-webgpu/-/framework-linux-x64-gnu-webgpu-0.3.1.tgz",
      "integrity": "sha512-RIFSgKVa63h2v4NPumSrQa8dROlvcVbuhXYA//vuxhKssocSQWHH3WeCMlA80X8k+LlzTeb/YDQI4d3aZWQEFQ==",
      "cpu": [
        "x64"
      ],
      "libc": [
        "glibc"
      ],
      "license": "MIT",
      "optional": true,
      "os": [
        "linux"
      ]
    },
    "node_modules/@mni-ml/framework-win32-x64-msvc": {
      "version": "0.3.1",
      "resolved": "https://registry.npmjs.org/@mni-ml/framework-win32-x64-msvc/-/framework-win32-x64-msvc-0.3.1.tgz",
      "integrity": "sha512-n5THgf3cJIdRld48ecAiAFAx21YCT9bo5zKNdNnkb5xHTTi9IF2SZduHZL3TKTKz52J+AFZsYoESqtWtRd9DgA==",
      "cpu": [
        "x64"
      ],
      "license": "MIT",
      "optional": true,
      "os": [
        "win32"
      ]
    },
    "node_modules/@mni-ml/framework-win32-x64-msvc-cuda": {
      "version": "0.3.1",
      "resolved": "https://registry.npmjs.org/@mni-ml/framework-win32-x64-msvc-cuda/-/framework-win32-x64-msvc-cuda-0.3.1.tgz",
      "integrity": "sha512-Pb9jWoZo4ocTtYyMS7bfvcFiXNRuhnYGc6rY3nfyRy01sLPbMurS9uYys+cyIbaM7xQl3/SnttBY0RbEqK0ztg==",
      "cpu": [
        "x64"
      ],
      "license": "MIT",
      "optional": true,
      "os": [
        "win32"
      ]
    },
    "node_modules/@mni-ml/framework-win32-x64-msvc-webgpu": {
      "version": "0.3.1",
      "resolved": "https://registry.npmjs.org/@mni-ml/framework-win32-x64-msvc-webgpu/-/framework-win32-x64-msvc-webgpu-0.3.1.tgz",
      "integrity": "sha512-eztnCED54Y4fy0KioovtleqwwFq613x8Z/wAcLTjsvT8Xl+O2aL9jUfECtPbQeRS0obGBcmgfSwHMMs/KNPrcA==",
      "cpu": [
        "x64"
      ],
      "license": "MIT",
      "optional": true,
      "os": [
        "win32"
      ]
    },
    "node_modules/accel-gpu": {
      "version": "1.0.3",
      "resolved": "https://registry.npmjs.org/accel-gpu/-/accel-gpu-1.0.3.tgz",
      "integrity": "sha512-lhoKUHov0MRpV49z39z+kbKZ7r+GrcuSnYuTP6t5SurhMb3WefXvCcaxH/I0BV0fylETVb3pnXgLMQGOOWbr5Q==",
      "license": "MIT"
    },
    "node_modules/fsevents": {
      "version": "2.3.2",
      "resolved": "https://registry.npmjs.org/fsevents/-/fsevents-2.3.2.tgz",
      "integrity": "sha512-xiqMQR4xAeHTuB9uWm+fFRcIOgKBMiOBP+eXiyT7jsgVCq1bkVygt00oASowB7EdtpOHaaPgKt812P9ab+DDKA==",
      "dev": true,
      "hasInstallScript": true,
      "license": "MIT",
      "optional": true,
      "os": [
        "darwin"
      ],
      "engines": {
        "node": "^8.16.0 || ^10.6.0 || >=11.0.0"
      }
    },
    "node_modules/playwright": {
      "version": "1.60.0",
      "resolved": "https://registry.npmjs.org/playwright/-/playwright-1.60.0.tgz",
      "integrity": "sha512-hheHdokM8cdqCb0lcE3s+zT4t4W+vvjpGxsZlDnikarzx8tSzMebh3UiFtgqwFwnTnjYQcsyMF8ei2mCO/tpeA==",
      "dev": true,
      "license": "Apache-2.0",
      "dependencies": {
        "playwright-core": "1.60.0"
      },
      "bin": {
        "playwright": "cli.js"
      },
      "engines": {
        "node": ">=18"
      },
      "optionalDependencies": {
        "fsevents": "2.3.2"
      }
    },
    "node_modules/playwright-core": {
      "version": "1.60.0",
      "resolved": "https://registry.npmjs.org/playwright-core/-/playwright-core-1.60.0.tgz",
      "integrity": "sha512-9bW6zvX/m0lEbgTKJ6YppOKx8H3VOPBMOCFh2irXFOT4BbHgrx5hPjwJYLT40Lu+4qtD36qKc/Hn56StUW57IA==",
      "dev": true,
      "license": "Apache-2.0",
      "bin": {
        "playwright-core": "cli.js"
      },
      "engines": {
        "node": ">=18"
      }
    }
  }
}
